
Microsoft Visual Studio Solution File, Format Version 12.00
# Visual Studio Version 16
VisualStudioVersion = 16.0.32228.343
MinimumVisualStudioVersion = 10.0.40219.1
Project("{FAE04EC0-301F-11D3-BF4B-00C04F79EFBC}") = "StudentApi", "StudentApi\StudentApi.csproj", "{0934DC10-FAE9-4077-8B68-9B8FCD4F7CAC}"
EndProject
Global
	GlobalSection(SolutionConfigurationPlatforms) = preSolution
		Debug|Any CPU = Debug|Any CPU
		Release|Any CPU = Release|Any CPU
	EndGlobalSection
	GlobalSection(ProjectConfigurationPlatforms) = postSolution
		{0934DC10-FAE9-4077-8B68-9B8FCD4F7CAC}.Debug|Any CPU.ActiveCfg = Debug|Any CPU
		{0934DC10-FAE9-4077-8B68-9B8FCD4F7CAC}.Debug|Any CPU.Build.0 = Debug|Any CPU
		{0934DC10-FAE9-4077-8B68-9B8FCD4F7CAC}.Release|Any CPU.ActiveCfg = Release|Any CPU
		{0934DC10-FAE9-4077-8B68-9B8FCD4F7CAC}.Release|Any CPU.Build.0 = Release|Any CPU
	EndGlobalSection
	GlobalSection(SolutionProperties) = preSolution
		HideSolutionNode = FALSE
	EndGlobalSection
	GlobalSection(ExtensibilityGlobals) = postSolution
		SolutionGuid = {901B7FA9-D442-4073-9D44-17774258F8BB}
	EndGlobalSection
EndGlobal
